// !$*UTF8*$!
{
	archiveVersion = 1;
	classes = {
	};
	objectVersion = 50;
	objects = {

/* Begin PBXBuildFile section */
		8C713BD9FFBFCE94A1B37569 /* Pods_ImageBoard.framework in Frameworks */ = {isa = PBXBuildFile; fileRef = A4A88CCF7CF5C6FE03B2FC83 /* Pods_ImageBoard.framework */; };
		FE61E12822ADEEE9005B4E15 /* AppDelegate.swift in Sources */ = {isa = PBXBuildFile; fileRef = FE61E12722ADEEE9005B4E15 /* AppDelegate.swift */; };
		FE61E12D22ADEEE9005B4E15 /* Main.storyboard in Resources */ = {isa = PBXBuildFile; fileRef = FE61E12B22ADEEE9005B4E15 /* Main.storyboard */; };
		FE61E12F22ADEEEB005B4E15 /* Assets.xcassets in Resources */ = {isa = PBXBuildFile; fileRef = FE61E12E22ADEEEB005B4E15 /* Assets.xcassets */; };
		FE61E13222ADEEEB005B4E15 /* LaunchScreen.storyboard in Resources */ = {isa = PBXBuildFile; fileRef = FE61E13022ADEEEB005B4E15 /* LaunchScreen.storyboard */; };
		FE61E13A22ADF310005B4E15 /* WriteArticle.swift in Sources */ = {isa = PBXBuildFile; fileRef = FE61E13922ADF310005B4E15 /* WriteArticle.swift */; };
		FE61E13C22AE1DFC005B4E15 /* Utils.swift in Sources */ = {isa = PBXBuildFile; fileRef = FE61E13B22AE1DFC005B4E15 /* Utils.swift */; };
		FE804DC122B0EC7200D4D241 /* xbox.jpeg in Resources */ = {isa = PBXBuildFile; fileRef = FE804DC022B0EC7200D4D241 /* xbox.jpeg */; };
		FE82E6B022AF406A00DC4279 /* ReadArticle.swift in Sources */ = {isa = PBXBuildFile; fileRef = FE82E6AF22AF406A00DC4279 /* ReadArticle.swift */; };
		FE82E6B222AF75EE00DC4279 /* Board.swift in Sources */ = {isa = PBXBuildFile; fileRef = FE82E6B122AF75EE00DC4279 /* Board.swift */; };
/* End PBXBuildFile section */

/* Begin PBXFileReference section */
		2712DC278DE142BCF6EAF4E9 /* Pods-ImageBoard.debug.xcconfig */ = {isa = PBXFileReference; includeInIndex = 1; lastKnownFileType = text.xcconfig; name = "Pods-ImageBoard.debug.xcconfig"; path = "Pods/Target Support Files/Pods-ImageBoard/Pods-ImageBoard.debug.xcconfig"; sourceTree = "<group>"; };
		A4A88CCF7CF5C6FE03B2FC83 /* Pods_ImageBoard.framework */ = {isa = PBXFileReference; explicitFileType = wrapper.framework; includeInIndex = 0; path = Pods_ImageBoard.framework; sourceTree = BUILT_PRODUCTS_DIR; };
		AD55DFD84EE3BDED0BF12A5A /* Pods-ImageBoard.release.xcconfig */ = {isa = PBXFileReference; includeInIndex = 1; lastKnownFileType = text.xcconfig; name = "Pods-ImageBoard.release.xcconfig"; path = "Pods/Target Support Files/Pods-ImageBoard/Pods-ImageBoard.release.xcconfig"; sourceTree = "<group>"; };
		FE61E12422ADEEE9005B4E15 /* ImageBoard.app */ = {isa = PBXFileReference; explicitFileType = wrapper.application; includeInIndex = 0; path = ImageBoard.app; sourceTree = BUILT_PRODUCTS_DIR; };
		FE61E12722ADEEE9005B4E15 /* AppDelegate.swift */ = {isa = PBXFileReference; lastKnownFileType = sourcecode.swift; path = AppDelegate.swift; sourceTree = "<group>"; };
		FE61E12C22ADEEE9005B4E15 /* Base */ = {isa = PBXFileReference; lastKnownFileType = file.storyboard; name = Base; path = Base.lproj/Main.storyboard; sourceTree = "<group>"; };
		FE61E12E22ADEEEB005B4E15 /* Assets.xcassets */ = {isa = PBXFileReference; lastKnownFileType = folder.assetcatalog; path = Assets.xcassets; sourceTree = "<group>"; };
		FE61E13122ADEEEB005B4E15 /* Base */ = {isa = PBXFileReference; lastKnownFileType = file.storyboard; name = Base; path = Base.lproj/LaunchScreen.storyboard; sourceTree = "<group>"; };
		FE61E13322ADEEEB005B4E15 /* Info.plist */ = {isa = PBXFileReference; lastKnownFileType = text.plist.xml; path = Info.plist; sourceTree = "<group>"; };
		FE61E13922ADF310005B4E15 /* WriteArticle.swift */ = {isa = PBXFileReference; lastKnownFileType = sourcecode.swift; path = WriteArticle.swift; sourceTree = "<group>"; };
		FE61E13B22AE1DFC005B4E15 /* Utils.swift */ = {isa = PBXFileReference; lastKnownFileType = sourcecode.swift; path = Utils.swift; sourceTree = "<group>"; };
		FE804DC022B0EC7200D4D241 /* xbox.jpeg */ = {isa = PBXFileReference; lastKnownFileType = image.jpeg; path = xbox.jpeg; sourceTree = "<group>"; };
		FE82E6AF22AF406A00DC4279 /* ReadArticle.swift */ = {isa = PBXFileReference; lastKnownFileType = sourcecode.swift; path = ReadArticle.swift; sourceTree = "<group>"; };
		FE82E6B122AF75EE00DC4279 /* Board.swift */ = {isa = PBXFileReference; lastKnownFileType = sourcecode.swift; path = Board.swift; sourceTree = "<group>"; };
/* End PBXFileReference section */

/* Begin PBXFrameworksBuildPhase section */
		FE61E12122ADEEE9005B4E15 /* Frameworks */ = {
			isa = PBXFrameworksBuildPhase;
			buildActionMask = 2147483647;
			files = (
				8C713BD9FFBFCE94A1B37569 /* Pods_ImageBoard.framework in Frameworks */,
			);
			runOnlyForDeploymentPostprocessing = 0;
		};
/* End PBXFrameworksBuildPhase section */

/* Begin PBXGroup section */
		3CBE92E4AAF77DF2D96E4428 /* Frameworks */ = {
			isa = PBXGroup;
			children = (
				A4A88CCF7CF5C6FE03B2FC83 /* Pods_ImageBoard.framework */,
			);
			name = Frameworks;
			sourceTree = "<group>";
		};
		8847257859CBE94E5274BE1E /* Pods */ = {
			isa = PBXGroup;
			children = (
				2712DC278DE142BCF6EAF4E9 /* Pods-ImageBoard.debug.xcconfig */,
				AD55DFD84EE3BDED0BF12A5A /* Pods-ImageBoard.release.xcconfig */,
			);
			name = Pods;
			sourceTree = "<group>";
		};
		FE61E11B22ADEEE9005B4E15 = {
			isa = PBXGroup;
			children = (
				FE61E12622ADEEE9005B4E15 /* ImageBoard */,
				FE61E12522ADEEE9005B4E15 /* Products */,
				8847257859CBE94E5274BE1E /* Pods */,
				3CBE92E4AAF77DF2D96E4428 /* Frameworks */,
			);
			sourceTree = "<group>";
		};
		FE61E12522ADEEE9005B4E15 /* Products */ = {
			isa = PBXGroup;
			children = (
				FE61E12422ADEEE9005B4E15 /* ImageBoard.app */,
			);
			name = Products;
			sourceTree = "<group>";
		};
		FE61E12622ADEEE9005B4E15 /* ImageBoard */ = {
			isa = PBXGroup;
			children = (
				FE804DC022B0EC7200D4D241 /* xbox.jpeg */,
				FE61E12722ADEEE9005B4E15 /* AppDelegate.swift */,
				FE61E12B22ADEEE9005B4E15 /* Main.storyboard */,
				FE61E12E22ADEEEB005B4E15 /* Assets.xcassets */,
				FE61E13022ADEEEB005B4E15 /* LaunchScreen.storyboard */,
				FE61E13322ADEEEB005B4E15 /* Info.plist */,
				FE82E6B122AF75EE00DC4279 /* Board.swift */,
				FE61E13922ADF310005B4E15 /* WriteArticle.swift */,
				FE61E13B22AE1DFC005B4E15 /* Utils.swift */,
				FE82E6AF22AF406A00DC4279 /* ReadArticle.swift */,
			);
			path = ImageBoard;
			sourceTree = "<group>";
		};
/* End PBXGroup section */

/* Begin PBXNativeTarget section */
		FE61E12322ADEEE9005B4E15 /* ImageBoard */ = {
			isa = PBXNativeTarget;
			buildConfigurationList = FE61E13622ADEEEB005B4E15 /* Build configuration list for PBXNativeTarget "ImageBoard" */;
			buildPhases = (
				ACBC2743F9487073D626305D /* [CP] Check Pods Manifest.lock */,
				FE61E12022ADEEE9005B4E15 /* Sources */,
				FE61E12122ADEEE9005B4E15 /* Frameworks */,
				FE61E12222ADEEE9005B4E15 /* Resources */,
				607169159A05F80FBE19E54A /* [CP] Embed Pods Frameworks */,
			);
			buildRules = (
			);
			dependencies = (
			);
			name = ImageBoard;
			productName = ImageBoard;
			productReference = FE61E12422ADEEE9005B4E15 /* ImageBoard.app */;
			productType = "com.apple.product-type.application";
		};
/* End PBXNativeTarget section */

/* Begin PBXProject section */
		FE61E11C22ADEEE9005B4E15 /* Project object */ = {
			isa = PBXProject;
			attributes = {
				LastSwiftUpdateCheck = 1010;
				LastUpgradeCheck = 1010;
				ORGANIZATIONNAME = ionlabs;
				TargetAttributes = {
					FE61E12322ADEEE9005B4E15 = {
						CreatedOnToolsVersion = 10.1;
						SystemCapabilities = {
							com.apple.BackgroundModes = {
								enabled = 1;
							};
						};
					};
				};
			};
			buildConfigurationList = FE61E11F22ADEEE9005B4E15 /* Build configuration list for PBXProject "ImageBoard" */;
			compatibilityVersion = "Xcode 9.3";
			developmentRegion = en;
			hasScannedForEncodings = 0;
			knownRegions = (
				en,
				Base,
			);
			mainGroup = FE61E11B22ADEEE9005B4E15;
			productRefGroup = FE61E12522ADEEE9005B4E15 /* Products */;
			projectDirPath = "";
			projectRoot = "";
			targets = (
				FE61E12322ADEEE9005B4E15 /* ImageBoard */,
			);
		};
/* End PBXProject section */

/* Begin PBXResourcesBuildPhase section */
		FE61E12222ADEEE9005B4E15 /* Resources */ = {
			isa = PBXResourcesBuildPhase;
			buildActionMask = 2147483647;
			files = (
				FE61E13222ADEEEB005B4E15 /* LaunchScreen.storyboard in Resources */,
				FE61E12F22ADEEEB005B4E15 /* Assets.xcassets in Resources */,
				FE804DC122B0EC7200D4D241 /* xbox.jpeg in Resources */,
				FE61E12D22ADEEE9005B4E15 /* Main.storyboard in Resources */,
			);
			runOnlyForDeploymentPostprocessing = 0;
		};
/* End PBXResourcesBuildPhase section */

/* Begin PBXShellScriptBuildPhase section */
		607169159A05F80FBE19E54A /* [CP] Embed Pods Frameworks */ = {
			isa = PBXShellScriptBuildPhase;
			buildActionMask = 2147483647;
			files = (
			);
			inputPaths = (
				"${SRCROOT}/Pods/Target Support Files/Pods-ImageBoard/Pods-ImageBoard-frameworks.sh",
				"${BUILT_PRODUCTS_DIR}/Alamofire/Alamofire.framework",
				"${BUILT_PRODUCTS_DIR}/SDWebImage/SDWebImage.framework",
			);
			name = "[CP] Embed Pods Frameworks";
			outputPaths = (
				"${TARGET_BUILD_DIR}/${FRAMEWORKS_FOLDER_PATH}/Alamofire.framework",
				"${TARGET_BUILD_DIR}/${FRAMEWORKS_FOLDER_PATH}/SDWebImage.framework",
			);
			runOnlyForDeploymentPostprocessing = 0;
			shellPath = /bin/sh;
			shellScript = "\"${SRCROOT}/Pods/Target Support Files/Pods-ImageBoard/Pods-ImageBoard-frameworks.sh\"\n";
			showEnvVarsInLog = 0;
		};
		ACBC2743F9487073D626305D /* [CP] Check Pods Manifest.lock */ = {
			isa = PBXShellScriptBuildPhase;
			buildActionMask = 2147483647;
			files = (
			);
			inputPaths = (
				"${PODS_PODFILE_DIR_PATH}/Podfile.lock",
				"${PODS_ROOT}/Manifest.lock",
			);
			name = "[CP] Check Pods Manifest.lock";
			outputPaths = (
				"$(DERIVED_FILE_DIR)/Pods-ImageBoard-checkManifestLockResult.txt",
			);
			runOnlyForDeploymentPostprocessing = 0;
			shellPath = /bin/sh;
			shellScript = "diff \"${PODS_PODFILE_DIR_PATH}/Podfile.lock\" \"${PODS_ROOT}/Manifest.lock\" > /dev/null\nif [ $? != 0 ] ; then\n    # print error to STDERR\n    echo \"error: The sandbox is not in sync with the Podfile.lock. Run 'pod install' or update your CocoaPods installation.\" >&2\n    exit 1\nfi\n# This output is used by Xcode 'outputs' to avoid re-running this script phase.\necho \"SUCCESS\" > \"${SCRIPT_OUTPUT_FILE_0}\"\n";
			showEnvVarsInLog = 0;
		};
/* End PBXShellScriptBuildPhase section */

/* Begin PBXSourcesBuildPhase section */
		FE61E12022ADEEE9005B4E15 /* Sources */ = {
			isa = PBXSourcesBuildPhase;
			buildActionMask = 2147483647;
			files = (
				FE82E6B022AF406A00DC4279 /* ReadArticle.swift in Sources */,
				FE61E13A22ADF310005B4E15 /* WriteArticle.swift in Sources */,
				FE82E6B222AF75EE00DC4279 /* Board.swift in Sources */,
				FE61E12822ADEEE9005B4E15 /* AppDelegate.swift in Sources */,
				FE61E13C22AE1DFC005B4E15 /* Utils.swift in Sources */,
			);
			runOnlyForDeploymentPostprocessing = 0;
		};
/* End PBXSourcesBuildPhase section */

/* Begin PBXVariantGroup section */
		FE61E12B22ADEEE9005B4E15 /* Main.storyboard */ = {
			isa = PBXVariantGroup;
			children = (
				FE61E12C22ADEEE9005B4E15 /* Base */,
			);
			name = Main.storyboard;
			sourceTree = "<group>";
		};
		FE61E13022ADEEEB005B4E15 /* LaunchScreen.storyboard */ = {
			isa = PBXVariantGroup;
			children = (
				FE61E13122ADEEEB005B4E15 /* Base */,
			);
			name = LaunchScreen.storyboard;
			sourceTree = "<group>";
		};
/* End PBXVariantGroup section */

/* Begin XCBuildConfiguration section */
		FE61E13422ADEEEB005B4E15 /* Debug */ = {
			isa = XCBuildConfiguration;
			buildSettings = {
				ALWAYS_SEARCH_USER_PATHS = NO;
				CLANG_ANALYZER_NONNULL = YES;
				CLANG_ANALYZER_NUMBER_OBJECT_CONVERSION = YES_AGGRESSIVE;
				CLANG_CXX_LANGUAGE_STANDARD = "gnu++14";
				CLANG_CXX_LIBRARY = "libc++";
				CLANG_ENABLE_MODULES = YES;
				CLANG_ENABLE_OBJC_ARC = YES;
				CLANG_ENABLE_OBJC_WEAK = YES;
				CLANG_WARN_BLOCK_CAPTURE_AUTORELEASING = YES;
				CLANG_WARN_BOOL_CONVERSION = YES;
				CLANG_WARN_COMMA = YES;
				CLANG_WARN_CONSTANT_CONVERSION = YES;
				CLANG_WARN_DEPRECATED_OBJC_IMPLEMENTATIONS = YES;
				CLANG_WARN_DIRECT_OBJC_ISA_USAGE = YES_ERROR;
				CLANG_WARN_DOCUMENTATION_COMMENTS = YES;
				CLANG_WARN_EMPTY_BODY = YES;
				CLANG_WARN_ENUM_CONVERSION = YES;
				CLANG_WARN_INFINITE_RECURSION = YES;
				CLANG_WARN_INT_CONVERSION = YES;
				CLANG_WARN_NON_LITERAL_NULL_CONVERSION = YES;
				CLANG_WARN_OBJC_IMPLICIT_RETAIN_SELF = YES;
				CLANG_WARN_OBJC_LITERAL_CONVERSION = YES;
				CLANG_WARN_OBJC_ROOT_CLASS = YES_ERROR;
				CLANG_WARN_RANGE_LOOP_ANALYSIS = YES;
				CLANG_WARN_STRICT_PROTOTYPES = YES;
				CLANG_WARN_SUSPICIOUS_MOVE = YES;
				CLANG_WARN_UNGUARDED_AVAILABILITY = YES_AGGRESSIVE;
				CLANG_WARN_UNREACHABLE_CODE = YES;
				CLANG_WARN__DUPLICATE_METHOD_MATCH = YES;
				CODE_SIGN_IDENTITY = "iPhone Developer";
				COPY_PHASE_STRIP = NO;
				DEBUG_INFORMATION_FORMAT = dwarf;
				ENABLE_STRICT_OBJC_MSGSEND = YES;
				ENABLE_TESTABILITY = YES;
				GCC_C_LANGUAGE_STANDARD = gnu11;
				GCC_DYNAMIC_NO_PIC = NO;
				GCC_NO_COMMON_BLOCKS = YES;
				GCC_OPTIMIZATION_LEVEL = 0;
				GCC_PREPROCESSOR_DEFINITIONS = (
					"DEBUG=1",
					"$(inherited)",
				);
				GCC_WARN_64_TO_32_BIT_CONVERSION = YES;
				GCC_WARN_ABOUT_RETURN_TYPE = YES_ERROR;
				GCC_WARN_UNDECLARED_SELECTOR = YES;
				GCC_WARN_UNINITIALIZED_AUTOS = YES_AGGRESSIVE;
				GCC_WARN_UNUSED_FUNCTION = YES;
				GCC_WARN_UNUSED_VARIABLE = YES;
				IPHONEOS_DEPLOYMENT_TARGET = 12.1;
				MTL_ENABLE_DEBUG_INFO = INCLUDE_SOURCE;
				MTL_FAST_MATH = YES;
				ONLY_ACTIVE_ARCH = YES;
				SDKROOT = iphoneos;
				SWIFT_ACTIVE_COMPILATION_CONDITIONS = DEBUG;
				SWIFT_OPTIMIZATION_LEVEL = "-Onone";
			};
			name = Debug;
		};
		FE61E13522ADEEEB005B4E15 /* Release */ = {
			isa = XCBuildConfiguration;
			buildSettings = {
				ALWAYS_SEARCH_USER_PATHS = NO;
				CLANG_ANALYZER_NONNULL = YES;
				CLANG_ANALYZER_NUMBER_OBJECT_CONVERSION = YES_AGGRESSIVE;
				CLANG_CXX_LANGUAGE_STANDARD = "gnu++14";
				CLANG_CXX_LIBRARY = "libc++";
				CLANG_ENABLE_MODULES = YES;
				CLANG_ENABLE_OBJC_ARC = YES;
				CLANG_ENABLE_OBJC_WEAK = YES;
				CLANG_WARN_BLOCK_CAPTURE_AUTORELEASING = YES;
				CLANG_WARN_BOOL_CONVERSION = YES;
				CLANG_WARN_COMMA = YES;
				CLANG_WARN_CONSTANT_CONVERSION = YES;
				CLANG_WARN_DEPRECATED_OBJC_IMPLEMENTATIONS = YES;
				CLANG_WARN_DIRECT_OBJC_ISA_USAGE = YES_ERROR;
				CLANG_WARN_DOCUMENTATION_COMMENTS = YES;
				CLANG_WARN_EMPTY_BODY = YES;
				CLANG_WARN_ENUM_CONVERSION = YES;
				CLANG_WARN_INFINITE_RECURSION = YES;
				CLANG_WARN_INT_CONVERSION = YES;
				CLANG_WARN_NON_LITERAL_NULL_CONVERSION = YES;
				CLANG_WARN_OBJC_IMPLICIT_RETAIN_SELF = YES;
				CLANG_WARN_OBJC_LITERAL_CONVERSION = YES;
				CLANG_WARN_OBJC_ROOT_CLASS = YES_ERROR;
				CLANG_WARN_RANGE_LOOP_ANALYSIS = YES;
				CLANG_WARN_STRICT_PROTOTYPES = YES;
				CLANG_WARN_SUSPICIOUS_MOVE = YES;
				CLANG_WARN_UNGUARDED_AVAILABILITY = YES_AGGRESSIVE;
				CLANG_WARN_UNREACHABLE_CODE = YES;
				CLANG_WARN__DUPLICATE_METHOD_MATCH = YES;
				CODE_SIGN_IDENTITY = "iPhone Developer";
				COPY_PHASE_STRIP = NO;
				DEBUG_INFORMATION_FORMAT = "dwarf-with-dsym";
				ENABLE_NS_ASSERTIONS = NO;
				ENABLE_STRICT_OBJC_MSGSEND = YES;
				GCC_C_LANGUAGE_STANDARD = gnu11;
				GCC_NO_COMMON_BLOCKS = YES;
				GCC_WARN_64_TO_32_BIT_CONVERSION = YES;
				GCC_WARN_ABOUT_RETURN_TYPE = YES_ERROR;
				GCC_WARN_UNDECLARED_SELECTOR = YES;
				GCC_WARN_UNINITIALIZED_AUTOS = YES_AGGRESSIVE;
				GCC_WARN_UNUSED_FUNCTION = YES;
				GCC_WARN_UNUSED_VARIABLE = YES;
				IPHONEOS_DEPLOYMENT_TARGET = 12.1;
				MTL_ENABLE_DEBUG_INFO = NO;
				MTL_FAST_MATH = YES;
				SDKROOT = iphoneos;
				SWIFT_COMPILATION_MODE = wholemodule;
				SWIFT_OPTIMIZATION_LEVEL = "-O";
				VALIDATE_PRODUCT = YES;
			};
			name = Release;
		};
		FE61E13722ADEEEB005B4E15 /* Debug */ = {
			isa = XCBuildConfiguration;
			baseConfigurationReference = 2712DC278DE142BCF6EAF4E9 /* Pods-ImageBoard.debug.xcconfig */;
			buildSettings = {
				ASSETCATALOG_COMPILER_APPICON_NAME = AppIcon;
				CODE_SIGN_STYLE = Automatic;
				DEVELOPMENT_TEAM = Q77G9L4656;
				INFOPLIST_FILE = ImageBoard/Info.plist;
				IPHONEOS_DEPLOYMENT_TARGET = 10.0;
				LD_RUNPATH_SEARCH_PATHS = (
					"$(inherited)",
					"@executable_path/Frameworks",
				);
				PRODUCT_BUNDLE_IDENTIFIER = kr.ionlabs.ImageBoard;
				PRODUCT_NAME = "$(TARGET_NAME)";
				SWIFT_VERSION = 4.2;
				TARGETED_DEVICE_FAMILY = 1;
			};
			name = Debug;
		};
		FE61E13822ADEEEB005B4E15 /* Release */ = {
			isa = XCBuildConfiguration;
			baseConfigurationReference = AD55DFD84EE3BDED0BF12A5A /* Pods-ImageBoard.release.xcconfig */;
			buildSettings = {
				ASSETCATALOG_COMPILER_APPICON_NAME = AppIcon;
				CODE_SIGN_STYLE = Automatic;
				DEVELOPMENT_TEAM = Q77G9L4656;
				INFOPLIST_FILE = ImageBoard/Info.plist;
				IPHONEOS_DEPLOYMENT_TARGET = 10.0;
				LD_RUNPATH_SEARCH_PATHS = (
					"$(inherited)",
					"@executable_path/Frameworks",
				);
				PRODUCT_BUNDLE_IDENTIFIER = kr.ionlabs.ImageBoard;
				PRODUCT_NAME = "$(TARGET_NAME)";
				SWIFT_VERSION = 4.2;
				TARGETED_DEVICE_FAMILY = 1;
			};
			name = Release;
		};
/* End XCBuildConfiguration section */

/* Begin XCConfigurationList section */
		FE61E11F22ADEEE9005B4E15 /* Build configuration list for PBXProject "ImageBoard" */ = {
			isa = XCConfigurationList;
			buildConfigurations = (
				FE61E13422ADEEEB005B4E15 /* Debug */,
				FE61E13522ADEEEB005B4E15 /* Release */,
			);
			defaultConfigurationIsVisible = 0;
			defaultConfigurationName = Release;
		};
		FE61E13622ADEEEB005B4E15 /* Build configuration list for PBXNativeTarget "ImageBoard" */ = {
			isa = XCConfigurationList;
			buildConfigurations = (
				FE61E13722ADEEEB005B4E15 /* Debug */,
				FE61E13822ADEEEB005B4E15 /* Release */,
			);
			defaultConfigurationIsVisible = 0;
			defaultConfigurationName = Release;
		};
/* End XCConfigurationList section */
	};
	rootObject = FE61E11C22ADEEE9005B4E15 /* Project object */;
}
